Microsoft Visual Studio Solution File, Format Version 11.00
# Visual Studio 2008

Project("{E426AE75-6BF2-BFA7-2620-FE9F0E58DE33}") = "BreathProcessor_OSC_Out", "Assembly-CSharp-firstpass-vs.csproj", "{D7348733-634F-CB80-4E12-29E78302B9F8}"
EndProject
Project("{E426AE75-6BF2-BFA7-2620-FE9F0E58DE33}") = "BreathProcessor_OSC_Out", "Assembly-CSharp-vs.csproj", "{3F313ACF-96FE-6EC9-BB46-B3DC046D534B}"
EndProject
Project("{E426AE75-6BF2-BFA7-2620-FE9F0E58DE33}") = "BreathProcessor_OSC_Out", "Assembly-CSharp-Editor-vs.csproj", "{FDC02211-F80A-592B-8040-C2708ED98D79}"
EndProject
Global
	GlobalSection(SolutionConfigurationPlatforms) = preSolution
		Debug|Any CPU = Debug|Any CPU
		Release|Any CPU = Release|Any CPU
	EndGlobalSection
	GlobalSection(ProjectConfigurationPlatforms) = postSolution
		{D7348733-634F-CB80-4E12-29E78302B9F8}.Debug|Any CPU.ActiveCfg = Debug|Any CPU
		{D7348733-634F-CB80-4E12-29E78302B9F8}.Debug|Any CPU.Build.0 = Debug|Any CPU
		{D7348733-634F-CB80-4E12-29E78302B9F8}.Release|Any CPU.ActiveCfg = Release|Any CPU
		{D7348733-634F-CB80-4E12-29E78302B9F8}.Release|Any CPU.Build.0 = Release|Any CPU
		{3F313ACF-96FE-6EC9-BB46-B3DC046D534B}.Debug|Any CPU.ActiveCfg = Debug|Any CPU
		{3F313ACF-96FE-6EC9-BB46-B3DC046D534B}.Debug|Any CPU.Build.0 = Debug|Any CPU
		{3F313ACF-96FE-6EC9-BB46-B3DC046D534B}.Release|Any CPU.ActiveCfg = Release|Any CPU
		{3F313ACF-96FE-6EC9-BB46-B3DC046D534B}.Release|Any CPU.Build.0 = Release|Any CPU
		{FDC02211-F80A-592B-8040-C2708ED98D79}.Debug|Any CPU.ActiveCfg = Debug|Any CPU
		{FDC02211-F80A-592B-8040-C2708ED98D79}.Debug|Any CPU.Build.0 = Debug|Any CPU
		{FDC02211-F80A-592B-8040-C2708ED98D79}.Release|Any CPU.ActiveCfg = Release|Any CPU
		{FDC02211-F80A-592B-8040-C2708ED98D79}.Release|Any CPU.Build.0 = Release|Any CPU
	EndGlobalSection
	GlobalSection(SolutionProperties) = preSolution
		HideSolutionNode = FALSE
	EndGlobalSection
			GlobalSection(MonoDevelopProperties) = preSolution
		StartupItem = Assembly-CSharp.csproj
		Policies = $0
		$0.TextStylePolicy = $1
		$1.inheritsSet = null
		$1.scope = text/x-csharp
		$0.CSharpFormattingPolicy = $2
		$2.inheritsSet = Mono
		$2.inheritsScope = text/x-csharp
		$2.scope = text/x-csharp
		$0.TextStylePolicy = $3
		$3.FileWidth = 120
		$3.TabWidth = 4
		$3.IndentWidth = 4
		$3.EolMarker = Unix
		$3.inheritsSet = Mono
		$3.inheritsScope = text/plain
		$3.scope = text/plain
	EndGlobalSection

EndGlobal
